
Microsoft Visual Studio Solution File, Format Version 12.00
# Visual Studio Version 16
VisualStudioVersion = 16.0.31515.178
MinimumVisualStudioVersion = 10.0.40219.1
Project("{FAE04EC0-301F-11D3-BF4B-00C04F79EFBC}") = "BinarySearchTree", "BinarySearchTree\BinarySearchTree.csproj", "{DCF3453F-3093-43C7-AEC6-C96CD4443A4E}"
EndProject
Global
	GlobalSection(SolutionConfigurationPlatforms) = preSolution
		Debug|Any CPU = Debug|Any CPU
		Release|Any CPU = Release|Any CPU
	EndGlobalSection
	GlobalSection(ProjectConfigurationPlatforms) = postSolution
		{DCF3453F-3093-43C7-AEC6-C96CD4443A4E}.Debug|Any CPU.ActiveCfg = Debug|Any CPU
		{DCF3453F-3093-43C7-AEC6-C96CD4443A4E}.Debug|Any CPU.Build.0 = Debug|Any CPU
		{DCF3453F-3093-43C7-AEC6-C96CD4443A4E}.Release|Any CPU.ActiveCfg = Release|Any CPU
		{DCF3453F-3093-43C7-AEC6-C96CD4443A4E}.Release|Any CPU.Build.0 = Release|Any CPU
	EndGlobalSection
	GlobalSection(SolutionProperties) = preSolution
		HideSolutionNode = FALSE
	EndGlobalSection
	GlobalSection(ExtensibilityGlobals) = postSolution
		SolutionGuid = {428CC773-99C4-4756-BA25-C5F5C8A00CAB}
	EndGlobalSection
EndGlobal
